// !$*UTF8*$!
{
	archiveVersion = 1;
	classes = {
	};
	objectVersion = 77;
	objects = {

/* Begin PBXBuildFile section */
		8B7D0AF62CF8A41F001282BB /* TaskFlowCore.framework in Frameworks */ = {isa = PBXBuildFile; fileRef = 8B7D0AEC2CF8A41E001282BB /* TaskFlowCore.framework */; };
		8B7D0B012CF8A41F001282BB /* TaskFlowCore.framework in Frameworks */ = {isa = PBXBuildFile; fileRef = 8B7D0AEC2CF8A41E001282BB /* TaskFlowCore.framework */; };
		8B7D0B022CF8A41F001282BB /* TaskFlowCore.framework in Embed Frameworks */ = {isa = PBXBuildFile; fileRef = 8B7D0AEC2CF8A41E001282BB /* TaskFlowCore.framework */; settings = {ATTRIBUTES = (CodeSignOnCopy, RemoveHeadersOnCopy, ); }; };
/* End PBXBuildFile section */

/* Begin PBXContainerItemProxy section */
		8B7D0ACB2CF8A325001282BB /* PBXContainerItemProxy */ = {
			isa = PBXContainerItemProxy;
			containerPortal = 8B7D0AB22CF8A321001282BB /* Project object */;
			proxyType = 1;
			remoteGlobalIDString = 8B7D0AB92CF8A322001282BB;
			remoteInfo = TaskFlow;
		};
		8B7D0AD52CF8A325001282BB /* PBXContainerItemProxy */ = {
			isa = PBXContainerItemProxy;
			containerPortal = 8B7D0AB22CF8A321001282BB /* Project object */;
			proxyType = 1;
			remoteGlobalIDString = 8B7D0AB92CF8A322001282BB;
			remoteInfo = TaskFlow;
		};
		8B7D0AF72CF8A41F001282BB /* PBXContainerItemProxy */ = {
			isa = PBXContainerItemProxy;
			containerPortal = 8B7D0AB22CF8A321001282BB /* Project object */;
			proxyType = 1;
			remoteGlobalIDString = 8B7D0AEB2CF8A41E001282BB;
			remoteInfo = TaskFlowCore;
		};
		8B7D0AF92CF8A41F001282BB /* PBXContainerItemProxy */ = {
			isa = PBXContainerItemProxy;
			containerPortal = 8B7D0AB22CF8A321001282BB /* Project object */;
			proxyType = 1;
			remoteGlobalIDString = 8B7D0AB92CF8A322001282BB;
			remoteInfo = TaskFlow;
		};
		8B7D0AFF2CF8A41F001282BB /* PBXContainerItemProxy */ = {
			isa = PBXContainerItemProxy;
			containerPortal = 8B7D0AB22CF8A321001282BB /* Project object */;
			proxyType = 1;
			remoteGlobalIDString = 8B7D0AEB2CF8A41E001282BB;
			remoteInfo = TaskFlowCore;
		};
/* End PBXContainerItemProxy section */

/* Begin PBXCopyFilesBuildPhase section */
		8B7D0B072CF8A41F001282BB /* Embed Frameworks */ = {
			isa = PBXCopyFilesBuildPhase;
			buildActionMask = 2147483647;
			dstPath = "";
			dstSubfolderSpec = 10;
			files = (
				8B7D0B022CF8A41F001282BB /* TaskFlowCore.framework in Embed Frameworks */,
			);
			name = "Embed Frameworks";
			runOnlyForDeploymentPostprocessing = 0;
		};
/* End PBXCopyFilesBuildPhase section */

/* Begin PBXFileReference section */
		8B7D0ABA2CF8A322001282BB /* TaskFlow.app */ = {isa = PBXFileReference; explicitFileType = wrapper.application; includeInIndex = 0; path = TaskFlow.app; sourceTree = BUILT_PRODUCTS_DIR; };
		8B7D0ACA2CF8A325001282BB /* TaskFlowTests.xctest */ = {isa = PBXFileReference; explicitFileType = wrapper.cfbundle; includeInIndex = 0; path = TaskFlowTests.xctest; sourceTree = BUILT_PRODUCTS_DIR; };
		8B7D0AD42CF8A325001282BB /* TaskFlowUITests.xctest */ = {isa = PBXFileReference; explicitFileType = wrapper.cfbundle; includeInIndex = 0; path = TaskFlowUITests.xctest; sourceTree = BUILT_PRODUCTS_DIR; };
		8B7D0AEC2CF8A41E001282BB /* TaskFlowCore.framework */ = {isa = PBXFileReference; explicitFileType = wrapper.framework; includeInIndex = 0; path = TaskFlowCore.framework; sourceTree = BUILT_PRODUCTS_DIR; };
		8B7D0AF52CF8A41F001282BB /* TaskFlowCoreTests.xctest */ = {isa = PBXFileReference; explicitFileType = wrapper.cfbundle; includeInIndex = 0; path = TaskFlowCoreTests.xctest; sourceTree = BUILT_PRODUCTS_DIR; };
/* End PBXFileReference section */

/* Begin PBXFileSystemSynchronizedRootGroup section */
		8B7D0ABC2CF8A322001282BB /* TaskFlow */ = {
			isa = PBXFileSystemSynchronizedRootGroup;
			path = TaskFlow;
			sourceTree = "<group>";
		};
		8B7D0ACD2CF8A325001282BB /* TaskFlowTests */ = {
			isa = PBXFileSystemSynchronizedRootGroup;
			path = TaskFlowTests;
			sourceTree = "<group>";
		};
		8B7D0AD72CF8A325001282BB /* TaskFlowUITests */ = {
			isa = PBXFileSystemSynchronizedRootGroup;
			path = TaskFlowUITests;
			sourceTree = "<group>";
		};
		8B7D0B132CF8A63C001282BB /* Resources */ = {
			isa = PBXFileSystemSynchronizedRootGroup;
			path = Resources;
			sourceTree = "<group>";
		};
/* End PBXFileSystemSynchronizedRootGroup section */

/* Begin PBXFrameworksBuildPhase section */
		8B7D0AB72CF8A322001282BB /* Frameworks */ = {
			isa = PBXFrameworksBuildPhase;
			buildActionMask = 2147483647;
			files = (
				8B7D0B012CF8A41F001282BB /* TaskFlowCore.framework in Frameworks */,
			);
			runOnlyForDeploymentPostprocessing = 0;
		};
		8B7D0AC72CF8A325001282BB /* Frameworks */ = {
			isa = PBXFrameworksBuildPhase;
			buildActionMask = 2147483647;
			files = (
			);
			runOnlyForDeploymentPostprocessing = 0;
		};
		8B7D0AD12CF8A325001282BB /* Frameworks */ = {
			isa = PBXFrameworksBuildPhase;
			buildActionMask = 2147483647;
			files = (
			);
			runOnlyForDeploymentPostprocessing = 0;
		};
		8B7D0AE92CF8A41E001282BB /* Frameworks */ = {
			isa = PBXFrameworksBuildPhase;
			buildActionMask = 2147483647;
			files = (
			);
			runOnlyForDeploymentPostprocessing = 0;
		};
		8B7D0AF22CF8A41F001282BB /* Frameworks */ = {
			isa = PBXFrameworksBuildPhase;
			buildActionMask = 2147483647;
			files = (
				8B7D0AF62CF8A41F001282BB /* TaskFlowCore.framework in Frameworks */,
			);
			runOnlyForDeploymentPostprocessing = 0;
		};
/* End PBXFrameworksBuildPhase section */

/* Begin PBXGroup section */
		8B7D0AB12CF8A321001282BB = {
			isa = PBXGroup;
			children = (
				8B7D0B132CF8A63C001282BB /* Resources */,
				8B7D0ABC2CF8A322001282BB /* TaskFlow */,
				8B7D0ACD2CF8A325001282BB /* TaskFlowTests */,
				8B7D0AD72CF8A325001282BB /* TaskFlowUITests */,
				8B7D0ABB2CF8A322001282BB /* Products */,
			);
			sourceTree = "<group>";
		};
		8B7D0ABB2CF8A322001282BB /* Products */ = {
			isa = PBXGroup;
			children = (
				8B7D0ABA2CF8A322001282BB /* TaskFlow.app */,
				8B7D0ACA2CF8A325001282BB /* TaskFlowTests.xctest */,
				8B7D0AD42CF8A325001282BB /* TaskFlowUITests.xctest */,
				8B7D0AEC2CF8A41E001282BB /* TaskFlowCore.framework */,
				8B7D0AF52CF8A41F001282BB /* TaskFlowCoreTests.xctest */,
			);
			name = Products;
			sourceTree = "<group>";
		};
/* End PBXGroup section */

/* Begin PBXHeadersBuildPhase section */
		8B7D0AE72CF8A41E001282BB /* Headers */ = {
			isa = PBXHeadersBuildPhase;
			buildActionMask = 2147483647;
			files = (
			);
			runOnlyForDeploymentPostprocessing = 0;
		};
/* End PBXHeadersBuildPhase section */

/* Begin PBXNativeTarget section */
		8B7D0AB92CF8A322001282BB /* TaskFlow */ = {
			isa = PBXNativeTarget;
			buildConfigurationList = 8B7D0ADE2CF8A325001282BB /* Build configuration list for PBXNativeTarget "TaskFlow" */;
			buildPhases = (
				8B7D0AB62CF8A322001282BB /* Sources */,
				8B7D0AB72CF8A322001282BB /* Frameworks */,
				8B7D0AB82CF8A322001282BB /* Resources */,
				8B7D0B072CF8A41F001282BB /* Embed Frameworks */,
			);
			buildRules = (
			);
			dependencies = (
				8B7D0B002CF8A41F001282BB /* PBXTargetDependency */,
			);
			fileSystemSynchronizedGroups = (
				8B7D0ABC2CF8A322001282BB /* TaskFlow */,
				8B7D0B132CF8A63C001282BB /* Resources */,
			);
			name = TaskFlow;
			packageProductDependencies = (
			);
			productName = TaskFlow;
			productReference = 8B7D0ABA2CF8A322001282BB /* TaskFlow.app */;
			productType = "com.apple.product-type.application";
		};
		8B7D0AC92CF8A325001282BB /* TaskFlowTests */ = {
			isa = PBXNativeTarget;
			buildConfigurationList = 8B7D0AE12CF8A325001282BB /* Build configuration list for PBXNativeTarget "TaskFlowTests" */;
			buildPhases = (
				8B7D0AC62CF8A325001282BB /* Sources */,
				8B7D0AC72CF8A325001282BB /* Frameworks */,
				8B7D0AC82CF8A325001282BB /* Resources */,
			);
			buildRules = (
			);
			dependencies = (
				8B7D0ACC2CF8A325001282BB /* PBXTargetDependency */,
			);
			fileSystemSynchronizedGroups = (
				8B7D0ACD2CF8A325001282BB /* TaskFlowTests */,
			);
			name = TaskFlowTests;
			packageProductDependencies = (
			);
			productName = TaskFlowTests;
			productReference = 8B7D0ACA2CF8A325001282BB /* TaskFlowTests.xctest */;
			productType = "com.apple.product-type.bundle.unit-test";
		};
		8B7D0AD32CF8A325001282BB /* TaskFlowUITests */ = {
			isa = PBXNativeTarget;
			buildConfigurationList = 8B7D0AE42CF8A325001282BB /* Build configuration list for PBXNativeTarget "TaskFlowUITests" */;
			buildPhases = (
				8B7D0AD02CF8A325001282BB /* Sources */,
				8B7D0AD12CF8A325001282BB /* Frameworks */,
				8B7D0AD22CF8A325001282BB /* Resources */,
			);
			buildRules = (
			);
			dependencies = (
				8B7D0AD62CF8A325001282BB /* PBXTargetDependency */,
			);
			fileSystemSynchronizedGroups = (
				8B7D0AD72CF8A325001282BB /* TaskFlowUITests */,
			);
			name = TaskFlowUITests;
			packageProductDependencies = (
			);
			productName = TaskFlowUITests;
			productReference = 8B7D0AD42CF8A325001282BB /* TaskFlowUITests.xctest */;
			productType = "com.apple.product-type.bundle.ui-testing";
		};
		8B7D0AEB2CF8A41E001282BB /* TaskFlowCore */ = {
			isa = PBXNativeTarget;
			buildConfigurationList = 8B7D0B042CF8A41F001282BB /* Build configuration list for PBXNativeTarget "TaskFlowCore" */;
			buildPhases = (
				8B7D0AE72CF8A41E001282BB /* Headers */,
				8B7D0AE82CF8A41E001282BB /* Sources */,
				8B7D0AE92CF8A41E001282BB /* Frameworks */,
				8B7D0AEA2CF8A41E001282BB /* Resources */,
			);
			buildRules = (
			);
			dependencies = (
			);
			name = TaskFlowCore;
			packageProductDependencies = (
			);
			productName = TaskFlowCore;
			productReference = 8B7D0AEC2CF8A41E001282BB /* TaskFlowCore.framework */;
			productType = "com.apple.product-type.framework";
		};
		8B7D0AF42CF8A41F001282BB /* TaskFlowCoreTests */ = {
			isa = PBXNativeTarget;
			buildConfigurationList = 8B7D0B082CF8A41F001282BB /* Build configuration list for PBXNativeTarget "TaskFlowCoreTests" */;
			buildPhases = (
				8B7D0AF12CF8A41F001282BB /* Sources */,
				8B7D0AF22CF8A41F001282BB /* Frameworks */,
				8B7D0AF32CF8A41F001282BB /* Resources */,
			);
			buildRules = (
			);
			dependencies = (
				8B7D0AF82CF8A41F001282BB /* PBXTargetDependency */,
				8B7D0AFA2CF8A41F001282BB /* PBXTargetDependency */,
			);
			name = TaskFlowCoreTests;
			packageProductDependencies = (
			);
			productName = TaskFlowCoreTests;
			productReference = 8B7D0AF52CF8A41F001282BB /* TaskFlowCoreTests.xctest */;
			productType = "com.apple.product-type.bundle.unit-test";
		};
/* End PBXNativeTarget section */

/* Begin PBXProject section */
		8B7D0AB22CF8A321001282BB /* Project object */ = {
			isa = PBXProject;
			attributes = {
				BuildIndependentTargetsInParallel = 1;
				LastSwiftUpdateCheck = 1610;
				LastUpgradeCheck = 1620;
				TargetAttributes = {
					8B7D0AB92CF8A322001282BB = {
						CreatedOnToolsVersion = 16.1;
					};
					8B7D0AC92CF8A325001282BB = {
						CreatedOnToolsVersion = 16.1;
						TestTargetID = 8B7D0AB92CF8A322001282BB;
					};
					8B7D0AD32CF8A325001282BB = {
						CreatedOnToolsVersion = 16.1;
						TestTargetID = 8B7D0AB92CF8A322001282BB;
					};
					8B7D0AEB2CF8A41E001282BB = {
						CreatedOnToolsVersion = 16.1;
					};
					8B7D0AF42CF8A41F001282BB = {
						CreatedOnToolsVersion = 16.1;
						TestTargetID = 8B7D0AB92CF8A322001282BB;
					};
				};
			};
			buildConfigurationList = 8B7D0AB52CF8A321001282BB /* Build configuration list for PBXProject "TaskFlow" */;
			developmentRegion = en;
			hasScannedForEncodings = 0;
			knownRegions = (
				en,
				Base,
			);
			mainGroup = 8B7D0AB12CF8A321001282BB;
			minimizedProjectReferenceProxies = 1;
			preferredProjectObjectVersion = 77;
			productRefGroup = 8B7D0ABB2CF8A322001282BB /* Products */;
			projectDirPath = "";
			projectRoot = "";
			targets = (
				8B7D0AB92CF8A322001282BB /* TaskFlow */,
				8B7D0AC92CF8A325001282BB /* TaskFlowTests */,
				8B7D0AD32CF8A325001282BB /* TaskFlowUITests */,
				8B7D0AEB2CF8A41E001282BB /* TaskFlowCore */,
				8B7D0AF42CF8A41F001282BB /* TaskFlowCoreTests */,
			);
		};
/* End PBXProject section */

/* Begin PBXResourcesBuildPhase section */
		8B7D0AB82CF8A322001282BB /* Resources */ = {
			isa = PBXResourcesBuildPhase;
			buildActionMask = 2147483647;
			files = (
			);
			runOnlyForDeploymentPostprocessing = 0;
		};
		8B7D0AC82CF8A325001282BB /* Resources */ = {
			isa = PBXResourcesBuildPhase;
			buildActionMask = 2147483647;
			files = (
			);
			runOnlyForDeploymentPostprocessing = 0;
		};
		8B7D0AD22CF8A325001282BB /* Resources */ = {
			isa = PBXResourcesBuildPhase;
			buildActionMask = 2147483647;
			files = (
			);
			runOnlyForDeploymentPostprocessing = 0;
		};
		8B7D0AEA2CF8A41E001282BB /* Resources */ = {
			isa = PBXResourcesBuildPhase;
			buildActionMask = 2147483647;
			files = (
			);
			runOnlyForDeploymentPostprocessing = 0;
		};
		8B7D0AF32CF8A41F001282BB /* Resources */ = {
			isa = PBXResourcesBuildPhase;
			buildActionMask = 2147483647;
			files = (
			);
			runOnlyForDeploymentPostprocessing = 0;
		};
/* End PBXResourcesBuildPhase section */

/* Begin PBXSourcesBuildPhase section */
		8B7D0AB62CF8A322001282BB /* Sources */ = {
			isa = PBXSourcesBuildPhase;
			buildActionMask = 2147483647;
			files = (
			);
			runOnlyForDeploymentPostprocessing = 0;
		};
		8B7D0AC62CF8A325001282BB /* Sources */ = {
			isa = PBXSourcesBuildPhase;
			buildActionMask = 2147483647;
			files = (
			);
			runOnlyForDeploymentPostprocessing = 0;
		};
		8B7D0AD02CF8A325001282BB /* Sources */ = {
			isa = PBXSourcesBuildPhase;
			buildActionMask = 2147483647;
			files = (
			);
			runOnlyForDeploymentPostprocessing = 0;
		};
		8B7D0AE82CF8A41E001282BB /* Sources */ = {
			isa = PBXSourcesBuildPhase;
			buildActionMask = 2147483647;
			files = (
			);
			runOnlyForDeploymentPostprocessing = 0;
		};
		8B7D0AF12CF8A41F001282BB /* Sources */ = {
			isa = PBXSourcesBuildPhase;
			buildActionMask = 2147483647;
			files = (
			);
			runOnlyForDeploymentPostprocessing = 0;
		};
/* End PBXSourcesBuildPhase section */

/* Begin PBXTargetDependency section */
		8B7D0ACC2CF8A325001282BB /* PBXTargetDependency */ = {
			isa = PBXTargetDependency;
			target = 8B7D0AB92CF8A322001282BB /* TaskFlow */;
			targetProxy = 8B7D0ACB2CF8A325001282BB /* PBXContainerItemProxy */;
		};
		8B7D0AD62CF8A325001282BB /* PBXTargetDependency */ = {
			isa = PBXTargetDependency;
			target = 8B7D0AB92CF8A322001282BB /* TaskFlow */;
			targetProxy = 8B7D0AD52CF8A325001282BB /* PBXContainerItemProxy */;
		};
		8B7D0AF82CF8A41F001282BB /* PBXTargetDependency */ = {
			isa = PBXTargetDependency;
			target = 8B7D0AEB2CF8A41E001282BB /* TaskFlowCore */;
			targetProxy = 8B7D0AF72CF8A41F001282BB /* PBXContainerItemProxy */;
		};
		8B7D0AFA2CF8A41F001282BB /* PBXTargetDependency */ = {
			isa = PBXTargetDependency;
			target = 8B7D0AB92CF8A322001282BB /* TaskFlow */;
			targetProxy = 8B7D0AF92CF8A41F001282BB /* PBXContainerItemProxy */;
		};
		8B7D0B002CF8A41F001282BB /* PBXTargetDependency */ = {
			isa = PBXTargetDependency;
			target = 8B7D0AEB2CF8A41E001282BB /* TaskFlowCore */;
			targetProxy = 8B7D0AFF2CF8A41F001282BB /* PBXContainerItemProxy */;
		};
/* End PBXTargetDependency section */

/* Begin XCBuildConfiguration section */
		8B7D0ADC2CF8A325001282BB /* Debug */ = {
			isa = XCBuildConfiguration;
			buildSettings = {
				ALWAYS_SEARCH_USER_PATHS = NO;
				ASSETCATALOG_COMPILER_GENERATE_SWIFT_ASSET_SYMBOL_EXTENSIONS = YES;
				CLANG_ANALYZER_NONNULL = YES;
				CLANG_ANALYZER_NUMBER_OBJECT_CONVERSION = YES_AGGRESSIVE;
				CLANG_CXX_LANGUAGE_STANDARD = "gnu++20";
				CLANG_ENABLE_MODULES = YES;
				CLANG_ENABLE_OBJC_ARC = YES;
				CLANG_ENABLE_OBJC_WEAK = YES;
				CLANG_WARN_BLOCK_CAPTURE_AUTORELEASING = YES;
				CLANG_WARN_BOOL_CONVERSION = YES;
				CLANG_WARN_COMMA = YES;
				CLANG_WARN_CONSTANT_CONVERSION = YES;
				CLANG_WARN_DEPRECATED_OBJC_IMPLEMENTATIONS = YES;
				CLANG_WARN_DIRECT_OBJC_ISA_USAGE = YES_ERROR;
				CLANG_WARN_DOCUMENTATION_COMMENTS = YES;
				CLANG_WARN_EMPTY_BODY = YES;
				CLANG_WARN_ENUM_CONVERSION = YES;
				CLANG_WARN_INFINITE_RECURSION = YES;
				CLANG_WARN_INT_CONVERSION = YES;
				CLANG_WARN_NON_LITERAL_NULL_CONVERSION = YES;
				CLANG_WARN_OBJC_IMPLICIT_RETAIN_SELF = YES;
				CLANG_WARN_OBJC_LITERAL_CONVERSION = YES;
				CLANG_WARN_OBJC_ROOT_CLASS = YES_ERROR;
				CLANG_WARN_QUOTED_INCLUDE_IN_FRAMEWORK_HEADER = YES;
				CLANG_WARN_RANGE_LOOP_ANALYSIS = YES;
				CLANG_WARN_STRICT_PROTOTYPES = YES;
				CLANG_WARN_SUSPICIOUS_MOVE = YES;
				CLANG_WARN_UNGUARDED_AVAILABILITY = YES_AGGRESSIVE;
				CLANG_WARN_UNREACHABLE_CODE = YES;
				CLANG_WARN__DUPLICATE_METHOD_MATCH = YES;
				COPY_PHASE_STRIP = NO;
				DEBUG_INFORMATION_FORMAT = dwarf;
				ENABLE_STRICT_OBJC_MSGSEND = YES;
				ENABLE_TESTABILITY = YES;
				ENABLE_USER_SCRIPT_SANDBOXING = YES;
				GCC_C_LANGUAGE_STANDARD = gnu17;
				GCC_DYNAMIC_NO_PIC = NO;
				GCC_NO_COMMON_BLOCKS = YES;
				GCC_OPTIMIZATION_LEVEL = 0;
				GCC_PREPROCESSOR_DEFINITIONS = (
					"DEBUG=1",
					"$(inherited)",
				);
				GCC_WARN_64_TO_32_BIT_CONVERSION = YES;
				GCC_WARN_ABOUT_RETURN_TYPE = YES_ERROR;
				GCC_WARN_UNDECLARED_SELECTOR = YES;
				GCC_WARN_UNINITIALIZED_AUTOS = YES_AGGRESSIVE;
				GCC_WARN_UNUSED_FUNCTION = YES;
				GCC_WARN_UNUSED_VARIABLE = YES;
				IPHONEOS_DEPLOYMENT_TARGET = 18.1;
				LOCALIZATION_PREFERS_STRING_CATALOGS = YES;
				MTL_ENABLE_DEBUG_INFO = INCLUDE_SOURCE;
				MTL_FAST_MATH = YES;
				ONLY_ACTIVE_ARCH = YES;
				SDKROOT = iphoneos;
				SWIFT_ACTIVE_COMPILATION_CONDITIONS = "DEBUG $(inherited)";
				SWIFT_OPTIMIZATION_LEVEL = "-Onone";
			};
			name = Debug;
		};
		8B7D0ADD2CF8A325001282BB /* Release */ = {
			isa = XCBuildConfiguration;
			buildSettings = {
				ALWAYS_SEARCH_USER_PATHS = NO;
				ASSETCATALOG_COMPILER_GENERATE_SWIFT_ASSET_SYMBOL_EXTENSIONS = YES;
				CLANG_ANALYZER_NONNULL = YES;
				CLANG_ANALYZER_NUMBER_OBJECT_CONVERSION = YES_AGGRESSIVE;
				CLANG_CXX_LANGUAGE_STANDARD = "gnu++20";
				CLANG_ENABLE_MODULES = YES;
				CLANG_ENABLE_OBJC_ARC = YES;
				CLANG_ENABLE_OBJC_WEAK = YES;
				CLANG_WARN_BLOCK_CAPTURE_AUTORELEASING = YES;
				CLANG_WARN_BOOL_CONVERSION = YES;
				CLANG_WARN_COMMA = YES;
				CLANG_WARN_CONSTANT_CONVERSION = YES;
				CLANG_WARN_DEPRECATED_OBJC_IMPLEMENTATIONS = YES;
				CLANG_WARN_DIRECT_OBJC_ISA_USAGE = YES_ERROR;
				CLANG_WARN_DOCUMENTATION_COMMENTS = YES;
				CLANG_WARN_EMPTY_BODY = YES;
				CLANG_WARN_ENUM_CONVERSION = YES;
				CLANG_WARN_INFINITE_RECURSION = YES;
				CLANG_WARN_INT_CONVERSION = YES;
				CLANG_WARN_NON_LITERAL_NULL_CONVERSION = YES;
				CLANG_WARN_OBJC_IMPLICIT_RETAIN_SELF = YES;
				CLANG_WARN_OBJC_LITERAL_CONVERSION = YES;
				CLANG_WARN_OBJC_ROOT_CLASS = YES_ERROR;
				CLANG_WARN_QUOTED_INCLUDE_IN_FRAMEWORK_HEADER = YES;
				CLANG_WARN_RANGE_LOOP_ANALYSIS = YES;
				CLANG_WARN_STRICT_PROTOTYPES = YES;
				CLANG_WARN_SUSPICIOUS_MOVE = YES;
				CLANG_WARN_UNGUARDED_AVAILABILITY = YES_AGGRESSIVE;
				CLANG_WARN_UNREACHABLE_CODE = YES;
				CLANG_WARN__DUPLICATE_METHOD_MATCH = YES;
				COPY_PHASE_STRIP = NO;
				DEBUG_INFORMATION_FORMAT = "dwarf-with-dsym";
				ENABLE_NS_ASSERTIONS = NO;
				ENABLE_STRICT_OBJC_MSGSEND = YES;
				ENABLE_USER_SCRIPT_SANDBOXING = YES;
				GCC_C_LANGUAGE_STANDARD = gnu17;
				GCC_NO_COMMON_BLOCKS = YES;
				GCC_WARN_64_TO_32_BIT_CONVERSION = YES;
				GCC_WARN_ABOUT_RETURN_TYPE = YES_ERROR;
				GCC_WARN_UNDECLARED_SELECTOR = YES;
				GCC_WARN_UNINITIALIZED_AUTOS = YES_AGGRESSIVE;
				GCC_WARN_UNUSED_FUNCTION = YES;
				GCC_WARN_UNUSED_VARIABLE = YES;
				IPHONEOS_DEPLOYMENT_TARGET = 18.1;
				LOCALIZATION_PREFERS_STRING_CATALOGS = YES;
				MTL_ENABLE_DEBUG_INFO = NO;
				MTL_FAST_MATH = YES;
				SDKROOT = iphoneos;
				SWIFT_COMPILATION_MODE = wholemodule;
				VALIDATE_PRODUCT = YES;
			};
			name = Release;
		};
		8B7D0ADF2CF8A325001282BB /* Debug */ = {
			isa = XCBuildConfiguration;
			buildSettings = {
				ASSETCATALOG_COMPILER_APPICON_NAME = AppIcon;
				ASSETCATALOG_COMPILER_GLOBAL_ACCENT_COLOR_NAME = AccentColor;
				CODE_SIGN_STYLE = Automatic;
				CURRENT_PROJECT_VERSION = 1;
				DEVELOPMENT_ASSET_PATHS = "\"TaskFlow/Preview Content\"";
				ENABLE_PREVIEWS = YES;
				GENERATE_INFOPLIST_FILE = YES;
				INFOPLIST_KEY_UIApplicationSceneManifest_Generation = YES;
				INFOPLIST_KEY_UIApplicationSupportsIndirectInputEvents = YES;
				INFOPLIST_KEY_UILaunchScreen_Generation = YES;
				INFOPLIST_KEY_UISupportedInterfaceOrientations_iPad = "UIInterfaceOrientationPortrait UIInterfaceOrientationPortraitUpsideDown UIInterfaceOrientationLandscapeLeft UIInterfaceOrientationLandscapeRight";
				INFOPLIST_KEY_UISupportedInterfaceOrientations_iPhone = "UIInterfaceOrientationPortrait UIInterfaceOrientationLandscapeLeft UIInterfaceOrientationLandscapeRight";
				LD_RUNPATH_SEARCH_PATHS = (
					"$(inherited)",
					"@executable_path/Frameworks",
				);
				MARKETING_VERSION = 1.0;
				PRODUCT_BUNDLE_IDENTIFIER = Group5.TaskFlow;
				PRODUCT_NAME = "$(TARGET_NAME)";
				SWIFT_EMIT_LOC_STRINGS = YES;
				SWIFT_VERSION = 5.0;
				TARGETED_DEVICE_FAMILY = "1,2";
			};
			name = Debug;
		};
		8B7D0AE02CF8A325001282BB /* Release */ = {
			isa = XCBuildConfiguration;
			buildSettings = {
				ASSETCATALOG_COMPILER_APPICON_NAME = AppIcon;
				ASSETCATALOG_COMPILER_GLOBAL_ACCENT_COLOR_NAME = AccentColor;
				CODE_SIGN_STYLE = Automatic;
				CURRENT_PROJECT_VERSION = 1;
				DEVELOPMENT_ASSET_PATHS = "\"TaskFlow/Preview Content\"";
				ENABLE_PREVIEWS = YES;
				GENERATE_INFOPLIST_FILE = YES;
				INFOPLIST_KEY_UIApplicationSceneManifest_Generation = YES;
				INFOPLIST_KEY_UIApplicationSupportsIndirectInputEvents = YES;
				INFOPLIST_KEY_UILaunchScreen_Generation = YES;
				INFOPLIST_KEY_UISupportedInterfaceOrientations_iPad = "UIInterfaceOrientationPortrait UIInterfaceOrientationPortraitUpsideDown UIInterfaceOrientationLandscapeLeft UIInterfaceOrientationLandscapeRight";
				INFOPLIST_KEY_UISupportedInterfaceOrientations_iPhone = "UIInterfaceOrientationPortrait UIInterfaceOrientationLandscapeLeft UIInterfaceOrientationLandscapeRight";
				LD_RUNPATH_SEARCH_PATHS = (
					"$(inherited)",
					"@executable_path/Frameworks",
				);
				MARKETING_VERSION = 1.0;
				PRODUCT_BUNDLE_IDENTIFIER = Group5.TaskFlow;
				PRODUCT_NAME = "$(TARGET_NAME)";
				SWIFT_EMIT_LOC_STRINGS = YES;
				SWIFT_VERSION = 5.0;
				TARGETED_DEVICE_FAMILY = "1,2";
			};
			name = Release;
		};
		8B7D0AE22CF8A325001282BB /* Debug */ = {
			isa = XCBuildConfiguration;
			buildSettings = {
				BUNDLE_LOADER = "$(TEST_HOST)";
				CODE_SIGN_STYLE = Automatic;
				CURRENT_PROJECT_VERSION = 1;
				GENERATE_INFOPLIST_FILE = YES;
				IPHONEOS_DEPLOYMENT_TARGET = 18.1;
				MARKETING_VERSION = 1.0;
				PRODUCT_BUNDLE_IDENTIFIER = Group5.TaskFlowTests;
				PRODUCT_NAME = "$(TARGET_NAME)";
				SWIFT_EMIT_LOC_STRINGS = NO;
				SWIFT_VERSION = 5.0;
				TARGETED_DEVICE_FAMILY = "1,2";
				TEST_HOST = "$(BUILT_PRODUCTS_DIR)/TaskFlow.app/$(BUNDLE_EXECUTABLE_FOLDER_PATH)/TaskFlow";
			};
			name = Debug;
		};
		8B7D0AE32CF8A325001282BB /* Release */ = {
			isa = XCBuildConfiguration;
			buildSettings = {
				BUNDLE_LOADER = "$(TEST_HOST)";
				CODE_SIGN_STYLE = Automatic;
				CURRENT_PROJECT_VERSION = 1;
				GENERATE_INFOPLIST_FILE = YES;
				IPHONEOS_DEPLOYMENT_TARGET = 18.1;
				MARKETING_VERSION = 1.0;
				PRODUCT_BUNDLE_IDENTIFIER = Group5.TaskFlowTests;
				PRODUCT_NAME = "$(TARGET_NAME)";
				SWIFT_EMIT_LOC_STRINGS = NO;
				SWIFT_VERSION = 5.0;
				TARGETED_DEVICE_FAMILY = "1,2";
				TEST_HOST = "$(BUILT_PRODUCTS_DIR)/TaskFlow.app/$(BUNDLE_EXECUTABLE_FOLDER_PATH)/TaskFlow";
			};
			name = Release;
		};
		8B7D0AE52CF8A325001282BB /* Debug */ = {
			isa = XCBuildConfiguration;
			buildSettings = {
				CODE_SIGN_STYLE = Automatic;
				CURRENT_PROJECT_VERSION = 1;
				GENERATE_INFOPLIST_FILE = YES;
				MARKETING_VERSION = 1.0;
				PRODUCT_BUNDLE_IDENTIFIER = Group5.TaskFlowUITests;
				PRODUCT_NAME = "$(TARGET_NAME)";
				SWIFT_EMIT_LOC_STRINGS = NO;
				SWIFT_VERSION = 5.0;
				TARGETED_DEVICE_FAMILY = "1,2";
				TEST_TARGET_NAME = TaskFlow;
			};
			name = Debug;
		};
		8B7D0AE62CF8A325001282BB /* Release */ = {
			isa = XCBuildConfiguration;
			buildSettings = {
				CODE_SIGN_STYLE = Automatic;
				CURRENT_PROJECT_VERSION = 1;
				GENERATE_INFOPLIST_FILE = YES;
				MARKETING_VERSION = 1.0;
				PRODUCT_BUNDLE_IDENTIFIER = Group5.TaskFlowUITests;
				PRODUCT_NAME = "$(TARGET_NAME)";
				SWIFT_EMIT_LOC_STRINGS = NO;
				SWIFT_VERSION = 5.0;
				TARGETED_DEVICE_FAMILY = "1,2";
				TEST_TARGET_NAME = TaskFlow;
			};
			name = Release;
		};
		8B7D0B052CF8A41F001282BB /* Debug */ = {
			isa = XCBuildConfiguration;
			buildSettings = {
				BUILD_LIBRARY_FOR_DISTRIBUTION = YES;
				CODE_SIGN_IDENTITY = "";
				CODE_SIGN_STYLE = Automatic;
				CURRENT_PROJECT_VERSION = 1;
				DEFINES_MODULE = YES;
				DYLIB_COMPATIBILITY_VERSION = 1;
				DYLIB_CURRENT_VERSION = 1;
				DYLIB_INSTALL_NAME_BASE = "@rpath";
				ENABLE_MODULE_VERIFIER = YES;
				GENERATE_INFOPLIST_FILE = YES;
				INFOPLIST_KEY_NSHumanReadableCopyright = "";
				INSTALL_PATH = "$(LOCAL_LIBRARY_DIR)/Frameworks";
				LD_RUNPATH_SEARCH_PATHS = (
					"$(inherited)",
					"@executable_path/Frameworks",
					"@loader_path/Frameworks",
				);
				MARKETING_VERSION = 1.0;
				MODULE_VERIFIER_SUPPORTED_LANGUAGES = "objective-c objective-c++";
				MODULE_VERIFIER_SUPPORTED_LANGUAGE_STANDARDS = "gnu17 gnu++20";
				PRODUCT_BUNDLE_IDENTIFIER = Group5.TaskFlowCore;
				PRODUCT_NAME = "$(TARGET_NAME:c99extidentifier)";
				SKIP_INSTALL = YES;
				SWIFT_EMIT_LOC_STRINGS = YES;
				SWIFT_INSTALL_OBJC_HEADER = NO;
				SWIFT_VERSION = 5.0;
				TARGETED_DEVICE_FAMILY = "1,2";
				VERSIONING_SYSTEM = "apple-generic";
				VERSION_INFO_PREFIX = "";
			};
			name = Debug;
		};
		8B7D0B062CF8A41F001282BB /* Release */ = {
			isa = XCBuildConfiguration;
			buildSettings = {
				BUILD_LIBRARY_FOR_DISTRIBUTION = YES;
				CODE_SIGN_IDENTITY = "";
				CODE_SIGN_STYLE = Automatic;
				CURRENT_PROJECT_VERSION = 1;
				DEFINES_MODULE = YES;
				DYLIB_COMPATIBILITY_VERSION = 1;
				DYLIB_CURRENT_VERSION = 1;
				DYLIB_INSTALL_NAME_BASE = "@rpath";
				ENABLE_MODULE_VERIFIER = YES;
				GENERATE_INFOPLIST_FILE = YES;
				INFOPLIST_KEY_NSHumanReadableCopyright = "";
				INSTALL_PATH = "$(LOCAL_LIBRARY_DIR)/Frameworks";
				LD_RUNPATH_SEARCH_PATHS = (
					"$(inherited)",
					"@executable_path/Frameworks",
					"@loader_path/Frameworks",
				);
				MARKETING_VERSION = 1.0;
				MODULE_VERIFIER_SUPPORTED_LANGUAGES = "objective-c objective-c++";
				MODULE_VERIFIER_SUPPORTED_LANGUAGE_STANDARDS = "gnu17 gnu++20";
				PRODUCT_BUNDLE_IDENTIFIER = Group5.TaskFlowCore;
				PRODUCT_NAME = "$(TARGET_NAME:c99extidentifier)";
				SKIP_INSTALL = YES;
				SWIFT_EMIT_LOC_STRINGS = YES;
				SWIFT_INSTALL_OBJC_HEADER = NO;
				SWIFT_VERSION = 5.0;
				TARGETED_DEVICE_FAMILY = "1,2";
				VERSIONING_SYSTEM = "apple-generic";
				VERSION_INFO_PREFIX = "";
			};
			name = Release;
		};
		8B7D0B092CF8A41F001282BB /* Debug */ = {
			isa = XCBuildConfiguration;
			buildSettings = {
				CODE_SIGN_STYLE = Automatic;
				CURRENT_PROJECT_VERSION = 1;
				GENERATE_INFOPLIST_FILE = YES;
				MARKETING_VERSION = 1.0;
				PRODUCT_BUNDLE_IDENTIFIER = Group5.TaskFlowCoreTests;
				PRODUCT_NAME = "$(TARGET_NAME)";
				SWIFT_EMIT_LOC_STRINGS = NO;
				SWIFT_VERSION = 5.0;
				TARGETED_DEVICE_FAMILY = "1,2";
				TEST_HOST = "$(BUILT_PRODUCTS_DIR)/TaskFlow.app/$(BUNDLE_EXECUTABLE_FOLDER_PATH)/TaskFlow";
			};
			name = Debug;
		};
		8B7D0B0A2CF8A41F001282BB /* Release */ = {
			isa = XCBuildConfiguration;
			buildSettings = {
				CODE_SIGN_STYLE = Automatic;
				CURRENT_PROJECT_VERSION = 1;
				GENERATE_INFOPLIST_FILE = YES;
				MARKETING_VERSION = 1.0;
				PRODUCT_BUNDLE_IDENTIFIER = Group5.TaskFlowCoreTests;
				PRODUCT_NAME = "$(TARGET_NAME)";
				SWIFT_EMIT_LOC_STRINGS = NO;
				SWIFT_VERSION = 5.0;
				TARGETED_DEVICE_FAMILY = "1,2";
				TEST_HOST = "$(BUILT_PRODUCTS_DIR)/TaskFlow.app/$(BUNDLE_EXECUTABLE_FOLDER_PATH)/TaskFlow";
			};
			name = Release;
		};
/* End XCBuildConfiguration section */

/* Begin XCConfigurationList section */
		8B7D0AB52CF8A321001282BB /* Build configuration list for PBXProject "TaskFlow" */ = {
			isa = XCConfigurationList;
			buildConfigurations = (
				8B7D0ADC2CF8A325001282BB /* Debug */,
				8B7D0ADD2CF8A325001282BB /* Release */,
			);
			defaultConfigurationIsVisible = 0;
			defaultConfigurationName = Release;
		};
		8B7D0ADE2CF8A325001282BB /* Build configuration list for PBXNativeTarget "TaskFlow" */ = {
			isa = XCConfigurationList;
			buildConfigurations = (
				8B7D0ADF2CF8A325001282BB /* Debug */,
				8B7D0AE02CF8A325001282BB /* Release */,
			);
			defaultConfigurationIsVisible = 0;
			defaultConfigurationName = Release;
		};
		8B7D0AE12CF8A325001282BB /* Build configuration list for PBXNativeTarget "TaskFlowTests" */ = {
			isa = XCConfigurationList;
			buildConfigurations = (
				8B7D0AE22CF8A325001282BB /* Debug */,
				8B7D0AE32CF8A325001282BB /* Release */,
			);
			defaultConfigurationIsVisible = 0;
			defaultConfigurationName = Release;
		};
		8B7D0AE42CF8A325001282BB /* Build configuration list for PBXNativeTarget "TaskFlowUITests" */ = {
			isa = XCConfigurationList;
			buildConfigurations = (
				8B7D0AE52CF8A325001282BB /* Debug */,
				8B7D0AE62CF8A325001282BB /* Release */,
			);
			defaultConfigurationIsVisible = 0;
			defaultConfigurationName = Release;
		};
		8B7D0B042CF8A41F001282BB /* Build configuration list for PBXNativeTarget "TaskFlowCore" */ = {
			isa = XCConfigurationList;
			buildConfigurations = (
				8B7D0B052CF8A41F001282BB /* Debug */,
				8B7D0B062CF8A41F001282BB /* Release */,
			);
			defaultConfigurationIsVisible = 0;
			defaultConfigurationName = Release;
		};
		8B7D0B082CF8A41F001282BB /* Build configuration list for PBXNativeTarget "TaskFlowCoreTests" */ = {
			isa = XCConfigurationList;
			buildConfigurations = (
				8B7D0B092CF8A41F001282BB /* Debug */,
				8B7D0B0A2CF8A41F001282BB /* Release */,
			);
			defaultConfigurationIsVisible = 0;
			defaultConfigurationName = Release;
		};
/* End XCConfigurationList section */
	};
	rootObject = 8B7D0AB22CF8A321001282BB /* Project object */;
}
